PODS:
  - Alamofire (5.5.0)
  - KakaoSDKAuth (2.8.5):
    - KakaoSDKCommon (= 2.8.5)
  - KakaoSDKCommon (2.8.5):
    - KakaoSDKCommon/Common (= 2.8.5)
    - KakaoSDKCommon/Network (= 2.8.5)
  - KakaoSDKCommon/Common (2.8.5)
  - KakaoSDKCommon/Network (2.8.5):
    - Alamofire (~> 5.1)
    - KakaoSDKCommon/Common (= 2.8.5)
  - KakaoSDKUser (2.8.5):
    - KakaoSDKAuth (= 2.8.5)
  - naveridlogin-sdk-ios (4.1.3)

DEPENDENCIES:
  - KakaoSDKAuth
  - KakaoSDKCommon
  - KakaoSDKUser
  - naveridlogin-sdk-ios

SPEC REPOS:
  trunk:
    - Alamofire
    - KakaoSDKAuth
    - KakaoSDKCommon
    - KakaoSDKUser
    - naveridlogin-sdk-ios

SPEC CHECKSUMS:
  Alamofire: 1c4fb5369c3fe93d2857c780d8bbe09f06f97e7c
  KakaoSDKAuth: a9033bd3fbbb9a8c74dcd0dbd7705f7a2bc50ff1
  KakaoSDKCommon: b98d08cf838effdc9b82aca7dee3e50c048880ca
  KakaoSDKUser: a76667bb06c1d5072178eea5cee4ac9fdba94679
  naveridlogin-sdk-ios: b9d7c20677981177ed994ecb1c8c2b49f223277d

PODFILE CHECKSUM: e6942476cf4726de348b026e704a54b445729c0d

COCOAPODS: 1.11.2
